
Microsoft Visual Studio Solution File, Format Version 12.00
# Visual Studio 14
VisualStudioVersion = 14.0.23107.0
MinimumVisualStudioVersion = 10.0.40219.1
Project("{2150E333-8FDC-42A3-9474-1A3956D46DE8}") = "src", "src", "{10F1F5AF-0C3E-4107-948A-4E2D4C34A22A}"
EndProject
Project("{2150E333-8FDC-42A3-9474-1A3956D46DE8}") = "Solution Items", "Solution Items", "{62BB232B-D96A-4D22-A8C9-DE40E8C68921}"
	ProjectSection(SolutionItems) = preProject
		global.json = global.json
	EndProjectSection
EndProject
Project("{8BB2217D-0F2D-49D1-97BC-3654ED321F3B}") = "PolymerHelloWorld", "src\PolymerHelloWorld\PolymerHelloWorld.xproj", "{B91C28CD-0491-4BBC-983A-D6C2565D09B4}"
EndProject
Project("{FAE04EC0-301F-11D3-BF4B-00C04F79EFBC}") = "PollymerHelloWorld.Service", "PollymerHelloWorld.Service\PollymerHelloWorld.Service.csproj", "{2BAB658A-BFAE-41FB-B03E-E6FDA01A1A7B}"
EndProject
Global
	GlobalSection(SolutionConfigurationPlatforms) = preSolution
		Debug|Any CPU = Debug|Any CPU
		Release|Any CPU = Release|Any CPU
	EndGlobalSection
	GlobalSection(ProjectConfigurationPlatforms) = postSolution
		{B91C28CD-0491-4BBC-983A-D6C2565D09B4}.Debug|Any CPU.ActiveCfg = Debug|Any CPU
		{B91C28CD-0491-4BBC-983A-D6C2565D09B4}.Debug|Any CPU.Build.0 = Debug|Any CPU
		{B91C28CD-0491-4BBC-983A-D6C2565D09B4}.Release|Any CPU.ActiveCfg = Release|Any CPU
		{B91C28CD-0491-4BBC-983A-D6C2565D09B4}.Release|Any CPU.Build.0 = Release|Any CPU
		{2BAB658A-BFAE-41FB-B03E-E6FDA01A1A7B}.Debug|Any CPU.ActiveCfg = Debug|Any CPU
		{2BAB658A-BFAE-41FB-B03E-E6FDA01A1A7B}.Debug|Any CPU.Build.0 = Debug|Any CPU
		{2BAB658A-BFAE-41FB-B03E-E6FDA01A1A7B}.Release|Any CPU.ActiveCfg = Release|Any CPU
		{2BAB658A-BFAE-41FB-B03E-E6FDA01A1A7B}.Release|Any CPU.Build.0 = Release|Any CPU
	EndGlobalSection
	GlobalSection(SolutionProperties) = preSolution
		HideSolutionNode = FALSE
	EndGlobalSection
	GlobalSection(NestedProjects) = preSolution
		{B91C28CD-0491-4BBC-983A-D6C2565D09B4} = {10F1F5AF-0C3E-4107-948A-4E2D4C34A22A}
	EndGlobalSection
EndGlobal
